{
  "lockfileVersion": 1,
  "configVersion": 0,
  "workspaces": {
    "": {
      "name": "markit-ai",
      "dependencies": {
        "chalk": "^5.6.2",
        "commander": "^14.0.3",
      },
      "devDependencies": {
        "@biomejs/biome": "^2.3.14",
        "@napi-rs/cli": "2.18.4",
        "@types/node": "^25.5.0",
        "typescript": "^5.8.0",
      },
      "optionalDependencies": {
        "@shift-labs/markit-darwin-arm64": "0.6.0",
        "@shift-labs/markit-darwin-x64": "0.6.0",
        "@shift-labs/markit-linux-arm64-gnu": "0.6.0",
        "@shift-labs/markit-linux-arm64-musl": "0.6.0",
        "@shift-labs/markit-linux-x64-gnu": "0.6.0",
        "@shift-labs/markit-linux-x64-musl": "0.6.0",
      },
    },
  },
  "packages": {
    "@biomejs/biome": ["@biomejs/biome@2.4.8", "", { "optionalDependencies": { "@biomejs/cli-darwin-arm64": "2.4.8" }, "bin": { "biome": "bin/biome" } }, ""],

    "@biomejs/cli-darwin-arm64": ["@biomejs/cli-darwin-arm64@2.4.8", "", { "os": "darwin", "cpu": "arm64" }, ""],

    "@napi-rs/cli": ["@napi-rs/cli@2.18.4", "", { "bin": { "napi": "scripts/index.js" } }, "sha512-SgJeA4df9DE2iAEpr3M2H0OKl/yjtg1BnRI5/JyowS71tUWhrfSu2LT0V3vlHET+g1hBVlrO60PmEXwUEKp8Mg=="],

    "@types/node": ["@types/node@25.5.0", "", { "dependencies": { "undici-types": "~7.18.0" } }, "sha512-jp2P3tQMSxWugkCUKLRPVUpGaL5MVFwF8RDuSRztfwgN1wmqJeMSbKlnEtQqU8UrhTmzEmZdu2I6v2dpp7XIxw=="],

    "chalk": ["chalk@5.6.2", "", {}, ""],

    "commander": ["commander@14.0.3", "", {}, ""],

    "typescript": ["typescript@5.9.3", "", { "bin": { "tsc": "bin/tsc", "tsserver": "bin/tsserver" } }, ""],

    "undici-types": ["undici-types@7.18.2", "", {}, "sha512-AsuCzffGHJybSaRrmr5eHr81mwJU3kjw6M+uprWvCXiNeN9SOGwQ3Jn8jb8m3Z6izVgknn1R0FTCEAP2QrLY/w=="],
  }
}
